
Microsoft Visual Studio Solution File, Format Version 12.00
# Visual Studio Version 16
VisualStudioVersion = 16.0.29409.12
MinimumVisualStudioVersion = 10.0.40219.1
Project("{FAE04EC0-301F-11D3-BF4B-00C04F79EFBC}") = "UsuarisWinForm", "UsuarisWinForm\UsuarisWinForm.csproj", "{445287CB-14F6-4918-94A7-B6BFAFB6CCAD}"
EndProject
Global
	GlobalSection(SolutionConfigurationPlatforms) = preSolution
		Debug|Any CPU = Debug|Any CPU
		Release|Any CPU = Release|Any CPU
	EndGlobalSection
	GlobalSection(ProjectConfigurationPlatforms) = postSolution
		{445287CB-14F6-4918-94A7-B6BFAFB6CCAD}.Debug|Any CPU.ActiveCfg = Debug|Any CPU
		{445287CB-14F6-4918-94A7-B6BFAFB6CCAD}.Debug|Any CPU.Build.0 = Debug|Any CPU
		{445287CB-14F6-4918-94A7-B6BFAFB6CCAD}.Release|Any CPU.ActiveCfg = Release|Any CPU
		{445287CB-14F6-4918-94A7-B6BFAFB6CCAD}.Release|Any CPU.Build.0 = Release|Any CPU
	EndGlobalSection
	GlobalSection(SolutionProperties) = preSolution
		HideSolutionNode = FALSE
	EndGlobalSection
	GlobalSection(ExtensibilityGlobals) = postSolution
		SolutionGuid = {8B6BB30B-B679-4104-9A3B-6F871849AC78}
	EndGlobalSection
EndGlobal
